
Microsoft Visual Studio Solution File, Format Version 12.00
# Visual Studio Version 16
VisualStudioVersion = 16.0.30114.105
MinimumVisualStudioVersion = 10.0.40219.1
Project("{2150E333-8FDC-42A3-9474-1A3956D46DE8}") = "src", "src", "{08098763-F4B8-4E24-961F-45F0DEF1C983}"
EndProject
Project("{2150E333-8FDC-42A3-9474-1A3956D46DE8}") = "tests", "tests", "{34794B71-C9A0-49B0-AC2D-860637F9F44E}"
EndProject
Project("{FAE04EC0-301F-11D3-BF4B-00C04F79EFBC}") = "practice.domain.unittests", "src\Tests\practice.domain.unittests\practice.domain.unittests.csproj", "{74B30DEB-705A-41A4-BDC4-446EE8835B6C}"
EndProject
Project("{2150E333-8FDC-42A3-9474-1A3956D46DE8}") = "Services", "Services", "{710FB03B-6B51-4226-8D37-15954897E3D2}"
EndProject
Project("{2150E333-8FDC-42A3-9474-1A3956D46DE8}") = "Identity", "Identity", "{45E7C8D0-6ABF-4AC3-BF73-1D48E2368DCB}"
EndProject
Project("{FAE04EC0-301F-11D3-BF4B-00C04F79EFBC}") = "practice.domain", "src\Services\Identity\practice.domain\practice.domain.csproj", "{EB6CEA04-E060-4B22-8A98-82821D48278F}"
EndProject
Project("{FAE04EC0-301F-11D3-BF4B-00C04F79EFBC}") = "practice.api", "src\Services\Identity\practice.api\practice.api.csproj", "{E205B5B5-8131-4913-94DA-A7EEA2DC615B}"
EndProject
Project("{FAE04EC0-301F-11D3-BF4B-00C04F79EFBC}") = "practice.infrastructure", "src\Services\Identity\practice.infrastructure\practice.infrastructure.csproj", "{CF54A1F4-A5E5-4283-B995-85C309927ADC}"
EndProject
Project("{2150E333-8FDC-42A3-9474-1A3956D46DE8}") = "Web", "Web", "{8DCDC75D-B2F7-4170-A930-B93AC0FD805D}"
EndProject
Project("{FAE04EC0-301F-11D3-BF4B-00C04F79EFBC}") = "practice.web", "src\Web\practice.web\practice.web.csproj", "{D71736D9-0B50-4202-88D5-D909E7F6E820}"
EndProject
Global
	GlobalSection(SolutionConfigurationPlatforms) = preSolution
		Debug|Any CPU = Debug|Any CPU
		Release|Any CPU = Release|Any CPU
	EndGlobalSection
	GlobalSection(SolutionProperties) = preSolution
		HideSolutionNode = FALSE
	EndGlobalSection
	GlobalSection(ProjectConfigurationPlatforms) = postSolution
		{74B30DEB-705A-41A4-BDC4-446EE8835B6C}.Debug|Any CPU.ActiveCfg = Debug|Any CPU
		{74B30DEB-705A-41A4-BDC4-446EE8835B6C}.Debug|Any CPU.Build.0 = Debug|Any CPU
		{74B30DEB-705A-41A4-BDC4-446EE8835B6C}.Release|Any CPU.ActiveCfg = Release|Any CPU
		{74B30DEB-705A-41A4-BDC4-446EE8835B6C}.Release|Any CPU.Build.0 = Release|Any CPU
		{EB6CEA04-E060-4B22-8A98-82821D48278F}.Debug|Any CPU.ActiveCfg = Debug|Any CPU
		{EB6CEA04-E060-4B22-8A98-82821D48278F}.Debug|Any CPU.Build.0 = Debug|Any CPU
		{EB6CEA04-E060-4B22-8A98-82821D48278F}.Release|Any CPU.ActiveCfg = Release|Any CPU
		{EB6CEA04-E060-4B22-8A98-82821D48278F}.Release|Any CPU.Build.0 = Release|Any CPU
		{E205B5B5-8131-4913-94DA-A7EEA2DC615B}.Debug|Any CPU.ActiveCfg = Debug|Any CPU
		{E205B5B5-8131-4913-94DA-A7EEA2DC615B}.Debug|Any CPU.Build.0 = Debug|Any CPU
		{E205B5B5-8131-4913-94DA-A7EEA2DC615B}.Release|Any CPU.ActiveCfg = Release|Any CPU
		{E205B5B5-8131-4913-94DA-A7EEA2DC615B}.Release|Any CPU.Build.0 = Release|Any CPU
		{CF54A1F4-A5E5-4283-B995-85C309927ADC}.Debug|Any CPU.ActiveCfg = Debug|Any CPU
		{CF54A1F4-A5E5-4283-B995-85C309927ADC}.Debug|Any CPU.Build.0 = Debug|Any CPU
		{CF54A1F4-A5E5-4283-B995-85C309927ADC}.Release|Any CPU.ActiveCfg = Release|Any CPU
		{CF54A1F4-A5E5-4283-B995-85C309927ADC}.Release|Any CPU.Build.0 = Release|Any CPU
		{D71736D9-0B50-4202-88D5-D909E7F6E820}.Debug|Any CPU.ActiveCfg = Debug|Any CPU
		{D71736D9-0B50-4202-88D5-D909E7F6E820}.Debug|Any CPU.Build.0 = Debug|Any CPU
		{D71736D9-0B50-4202-88D5-D909E7F6E820}.Release|Any CPU.ActiveCfg = Release|Any CPU
		{D71736D9-0B50-4202-88D5-D909E7F6E820}.Release|Any CPU.Build.0 = Release|Any CPU
	EndGlobalSection
	GlobalSection(NestedProjects) = preSolution
		{34794B71-C9A0-49B0-AC2D-860637F9F44E} = {08098763-F4B8-4E24-961F-45F0DEF1C983}
		{74B30DEB-705A-41A4-BDC4-446EE8835B6C} = {34794B71-C9A0-49B0-AC2D-860637F9F44E}
		{710FB03B-6B51-4226-8D37-15954897E3D2} = {08098763-F4B8-4E24-961F-45F0DEF1C983}
		{45E7C8D0-6ABF-4AC3-BF73-1D48E2368DCB} = {710FB03B-6B51-4226-8D37-15954897E3D2}
		{EB6CEA04-E060-4B22-8A98-82821D48278F} = {45E7C8D0-6ABF-4AC3-BF73-1D48E2368DCB}
		{E205B5B5-8131-4913-94DA-A7EEA2DC615B} = {45E7C8D0-6ABF-4AC3-BF73-1D48E2368DCB}
		{CF54A1F4-A5E5-4283-B995-85C309927ADC} = {45E7C8D0-6ABF-4AC3-BF73-1D48E2368DCB}
		{8DCDC75D-B2F7-4170-A930-B93AC0FD805D} = {08098763-F4B8-4E24-961F-45F0DEF1C983}
		{D71736D9-0B50-4202-88D5-D909E7F6E820} = {8DCDC75D-B2F7-4170-A930-B93AC0FD805D}
	EndGlobalSection
EndGlobal
